
Microsoft Visual Studio Solution File, Format Version 12.00
# Visual Studio 15
VisualStudioVersion = 15.0.28307.572
MinimumVisualStudioVersion = 10.0.40219.1
Project("{FAE04EC0-301F-11D3-BF4B-00C04F79EFBC}") = "ExampleXlone", "ExampleXlone\ExampleXlone.csproj", "{DB694EB6-78ED-4F06-943F-DC1C2E4D9931}"
EndProject
Global
	GlobalSection(SolutionConfigurationPlatforms) = preSolution
		Debug|Any CPU = Debug|Any CPU
		Release|Any CPU = Release|Any CPU
	EndGlobalSection
	GlobalSection(ProjectConfigurationPlatforms) = postSolution
		{DB694EB6-78ED-4F06-943F-DC1C2E4D9931}.Debug|Any CPU.ActiveCfg = Debug|Any CPU
		{DB694EB6-78ED-4F06-943F-DC1C2E4D9931}.Debug|Any CPU.Build.0 = Debug|Any CPU
		{DB694EB6-78ED-4F06-943F-DC1C2E4D9931}.Release|Any CPU.ActiveCfg = Release|Any CPU
		{DB694EB6-78ED-4F06-943F-DC1C2E4D9931}.Release|Any CPU.Build.0 = Release|Any CPU
	EndGlobalSection
	GlobalSection(SolutionProperties) = preSolution
		HideSolutionNode = FALSE
	EndGlobalSection
	GlobalSection(ExtensibilityGlobals) = postSolution
		SolutionGuid = {532E1B72-A3F0-4171-910D-4D7775890855}
	EndGlobalSection
EndGlobal
